
Microsoft Visual Studio Solution File, Format Version 12.00
# Visual Studio Version 16
VisualStudioVersion = 16.0.31005.135
MinimumVisualStudioVersion = 10.0.40219.1
Project("{FAE04EC0-301F-11D3-BF4B-00C04F79EFBC}") = "The Robotic Systems", "The Robotic Systems.csproj", "{979C3203-5F06-4035-8B69-C090F80ACFDA}"
EndProject
Global
	GlobalSection(SolutionConfigurationPlatforms) = preSolution
		Debug|Any CPU = Debug|Any CPU
		Release|Any CPU = Release|Any CPU
	EndGlobalSection
	GlobalSection(ProjectConfigurationPlatforms) = postSolution
		{979C3203-5F06-4035-8B69-C090F80ACFDA}.Debug|Any CPU.ActiveCfg = Debug|Any CPU
		{979C3203-5F06-4035-8B69-C090F80ACFDA}.Debug|Any CPU.Build.0 = Debug|Any CPU
		{979C3203-5F06-4035-8B69-C090F80ACFDA}.Release|Any CPU.ActiveCfg = Release|Any CPU
		{979C3203-5F06-4035-8B69-C090F80ACFDA}.Release|Any CPU.Build.0 = Release|Any CPU
	EndGlobalSection
	GlobalSection(SolutionProperties) = preSolution
		HideSolutionNode = FALSE
	EndGlobalSection
	GlobalSection(ExtensibilityGlobals) = postSolution
		SolutionGuid = {05540B1B-3B43-4EAB-8F5B-222567FD8EDA}
	EndGlobalSection
EndGlobal
